
Microsoft Visual Studio Solution File, Format Version 12.00
# Visual Studio Version 17
VisualStudioVersion = 17.6.33815.320
MinimumVisualStudioVersion = 10.0.40219.1
Project("{9A19103F-16F7-4668-BE54-9A1E7A4F7556}") = "libPluviométrie", "libPluviométrie\libPluviométrie.csproj", "{1EFEA776-CC64-4F92-BC24-DA817738B658}"
EndProject
Project("{FAE04EC0-301F-11D3-BF4B-00C04F79EFBC}") = "clsPluviométrie", "clsPluviométrie\clsPluviométrie.csproj", "{24EA70BD-AD7C-49EE-9266-EBFD29A6372D}"
EndProject
Global
	GlobalSection(SolutionConfigurationPlatforms) = preSolution
		Debug|Any CPU = Debug|Any CPU
		Release|Any CPU = Release|Any CPU
	EndGlobalSection
	GlobalSection(ProjectConfigurationPlatforms) = postSolution
		{1EFEA776-CC64-4F92-BC24-DA817738B658}.Debug|Any CPU.ActiveCfg = Debug|Any CPU
		{1EFEA776-CC64-4F92-BC24-DA817738B658}.Debug|Any CPU.Build.0 = Debug|Any CPU
		{1EFEA776-CC64-4F92-BC24-DA817738B658}.Release|Any CPU.ActiveCfg = Release|Any CPU
		{1EFEA776-CC64-4F92-BC24-DA817738B658}.Release|Any CPU.Build.0 = Release|Any CPU
		{24EA70BD-AD7C-49EE-9266-EBFD29A6372D}.Debug|Any CPU.ActiveCfg = Debug|Any CPU
		{24EA70BD-AD7C-49EE-9266-EBFD29A6372D}.Debug|Any CPU.Build.0 = Debug|Any CPU
		{24EA70BD-AD7C-49EE-9266-EBFD29A6372D}.Release|Any CPU.ActiveCfg = Release|Any CPU
		{24EA70BD-AD7C-49EE-9266-EBFD29A6372D}.Release|Any CPU.Build.0 = Release|Any CPU
	EndGlobalSection
	GlobalSection(SolutionProperties) = preSolution
		HideSolutionNode = FALSE
	EndGlobalSection
	GlobalSection(ExtensibilityGlobals) = postSolution
		SolutionGuid = {77F135EE-B98C-4115-9477-42065154CE76}
	EndGlobalSection
EndGlobal
